{
  "name": "@iamdimka/token",
  "version": "0.1.0",
  "lockfileVersion": 1,
  "requires": true,
  "dependencies": {
    "@iamdimka/helper": {
      "version": "0.3.0",
      "resolved": "https://registry.npmjs.org/@iamdimka/helper/-/helper-0.3.0.tgz",
      "integrity": "sha512-wEgYQglHLhWqPkj2DX1oo9RjEX7XjWmFk5xCksF2GaLiwl4nRt0L5t2aKw4J40Jt26/2tyI2QvXWsAJbqaa6qQ=="
    },
    "@types/msgpack-lite": {
      "version": "0.1.5",
      "resolved": "https://registry.npmjs.org/@types/msgpack-lite/-/msgpack-lite-0.1.5.tgz",
      "integrity": "sha512-tA1kW6rmEF8xZWTksPzeHQB2vKElEWJeUwZgfemGhYR0iExRuFAAFXcd85rHR5gaBEZNezgrKkLmib0hKpAO2Q==",
      "dev": true,
      "requires": {
        "@types/node": "8.0.47"
      }
    },
    "@types/node": {
      "version": "8.0.47",
      "resolved": "https://registry.npmjs.org/@types/node/-/node-8.0.47.tgz",
      "integrity": "sha512-kOwL746WVvt/9Phf6/JgX/bsGQvbrK5iUgzyfwZNcKVFcjAUVSpF9HxevLTld2SG9aywYHOILj38arDdY1r/iQ==",
      "dev": true
    },
    "event-lite": {
      "version": "0.1.1",
      "resolved": "https://registry.npmjs.org/event-lite/-/event-lite-0.1.1.tgz",
      "integrity": "sha1-R88IqNN9C2lM23s7F7UfqsZXYIY="
    },
    "ieee754": {
      "version": "1.1.8",
      "resolved": "https://registry.npmjs.org/ieee754/-/ieee754-1.1.8.tgz",
      "integrity": "sha1-vjPUCsEO8ZJnAfbwii2G+/0a0+Q="
    },
    "int64-buffer": {
      "version": "0.1.9",
      "resolved": "https://registry.npmjs.org/int64-buffer/-/int64-buffer-0.1.9.tgz",
      "integrity": "sha1-ngOdoEOyT3ixlrKD4EZT716ZD2E="
    },
    "isarray": {
      "version": "1.0.0",
      "resolved": "https://registry.npmjs.org/isarray/-/isarray-1.0.0.tgz",
      "integrity": "sha1-u5NdSFgsuhaMBoNJV6VKPgcSTxE="
    },
    "msgpack-lite": {
      "version": "0.1.26",
      "resolved": "https://registry.npmjs.org/msgpack-lite/-/msgpack-lite-0.1.26.tgz",
      "integrity": "sha1-3TxQsm8FnyXn7e42REGDWOKprYk=",
      "requires": {
        "event-lite": "0.1.1",
        "ieee754": "1.1.8",
        "int64-buffer": "0.1.9",
        "isarray": "1.0.0"
      }
    }
  }
}
